
Microsoft Visual Studio Solution File, Format Version 12.00
# Visual Studio Version 16
VisualStudioVersion = 16.0.31205.134
MinimumVisualStudioVersion = 10.0.40219.1
Project("{FAE04EC0-301F-11D3-BF4B-00C04F79EFBC}") = "HauntedHouse", "HauntedHouse\HauntedHouse.csproj", "{0C312F8A-6B1C-47C6-A2E0-9243009936F0}"
EndProject
Global
	GlobalSection(SolutionConfigurationPlatforms) = preSolution
		Debug|Any CPU = Debug|Any CPU
		Release|Any CPU = Release|Any CPU
	EndGlobalSection
	GlobalSection(ProjectConfigurationPlatforms) = postSolution
		{0C312F8A-6B1C-47C6-A2E0-9243009936F0}.Debug|Any CPU.ActiveCfg = Debug|Any CPU
		{0C312F8A-6B1C-47C6-A2E0-9243009936F0}.Debug|Any CPU.Build.0 = Debug|Any CPU
		{0C312F8A-6B1C-47C6-A2E0-9243009936F0}.Release|Any CPU.ActiveCfg = Release|Any CPU
		{0C312F8A-6B1C-47C6-A2E0-9243009936F0}.Release|Any CPU.Build.0 = Release|Any CPU
	EndGlobalSection
	GlobalSection(SolutionProperties) = preSolution
		HideSolutionNode = FALSE
	EndGlobalSection
	GlobalSection(ExtensibilityGlobals) = postSolution
		SolutionGuid = {0B944A76-671E-45DE-BBFF-216A93DB84A4}
	EndGlobalSection
EndGlobal
